
Microsoft Visual Studio Solution File, Format Version 12.00
# Visual Studio 2012
Project("{FAE04EC0-301F-11D3-BF4B-00C04F79EFBC}") = "vaccinationReminder", "vaccinationReminder\vaccinationReminder.csproj", "{13EB5273-DDF9-4C32-94F0-1231789B69BC}"
EndProject
Global
	GlobalSection(SolutionConfigurationPlatforms) = preSolution
		Debug|Any CPU = Debug|Any CPU
		Release|Any CPU = Release|Any CPU
	EndGlobalSection
	GlobalSection(ProjectConfigurationPlatforms) = postSolution
		{13EB5273-DDF9-4C32-94F0-1231789B69BC}.Debug|Any CPU.ActiveCfg = Debug|Any CPU
		{13EB5273-DDF9-4C32-94F0-1231789B69BC}.Debug|Any CPU.Build.0 = Debug|Any CPU
		{13EB5273-DDF9-4C32-94F0-1231789B69BC}.Release|Any CPU.ActiveCfg = Release|Any CPU
		{13EB5273-DDF9-4C32-94F0-1231789B69BC}.Release|Any CPU.Build.0 = Release|Any CPU
	EndGlobalSection
	GlobalSection(SolutionProperties) = preSolution
		HideSolutionNode = FALSE
	EndGlobalSection
EndGlobal
